
Microsoft Visual Studio Solution File, Format Version 12.00
# Visual Studio 15
Project("{FAE04EC0-301F-11D3-BF4B-00C04F79EFBC}") = "Unity.Timeline", "Unity.Timeline.csproj", "{6AE9EA7F-DAA3-2010-31B4-DAB3592736F9}"
EndProject
Project("{FAE04EC0-301F-11D3-BF4B-00C04F79EFBC}") = "Unity.RenderPipelines.GPUDriven.Runtime", "Unity.RenderPipelines.GPUDriven.Runtime.csproj", "{A94DD99D-E1D1-A30D-4A25-95B08B1E1ADA}"
EndProject
Project("{FAE04EC0-301F-11D3-BF4B-00C04F79EFBC}") = "Unity.ShaderGraph.Editor", "Unity.ShaderGraph.Editor.csproj", "{BBF990F3-1149-EE3F-E808-E6486299D6CE}"
EndProject
Project("{FAE04EC0-301F-11D3-BF4B-00C04F79EFBC}") = "Unity.PlasticSCM.Editor", "Unity.PlasticSCM.Editor.csproj", "{25A84BD3-15C3-B4A8-D1E4-CC8F2758599F}"
EndProject
Project("{FAE04EC0-301F-11D3-BF4B-00C04F79EFBC}") = "Unity.RenderPipelines.Core.Runtime", "Unity.RenderPipelines.Core.Runtime.csproj", "{867D856A-0CDB-8B37-D74F-65FA4BFA0DB6}"
EndProject
Project("{FAE04EC0-301F-11D3-BF4B-00C04F79EFBC}") = "Unity.Mathematics", "Unity.Mathematics.csproj", "{16643014-D966-D9B7-565F-5498D02EA68A}"
EndProject
Project("{FAE04EC0-301F-11D3-BF4B-00C04F79EFBC}") = "Unity.Timeline.Editor", "Unity.Timeline.Editor.csproj", "{48E46E3F-8AC0-ECAC-D789-9C4D248B9C56}"
EndProject
Project("{FAE04EC0-301F-11D3-BF4B-00C04F79EFBC}") = "Unity.Multiplayer.Center.Editor", "Unity.Multiplayer.Center.Editor.csproj", "{74299066-02CD-DD79-23AB-695EF9605541}"
EndProject
Project("{FAE04EC0-301F-11D3-BF4B-00C04F79EFBC}") = "Unity.RenderPipelines.Core.Editor", "Unity.RenderPipelines.Core.Editor.csproj", "{B405A534-0C0B-AE07-212A-E868D1240F8A}"
EndProject
Project("{FAE04EC0-301F-11D3-BF4B-00C04F79EFBC}") = "Unity.Collections", "Unity.Collections.csproj", "{95CF35BD-BE10-E088-D711-45E1D4E5033F}"
EndProject
Project("{FAE04EC0-301F-11D3-BF4B-00C04F79EFBC}") = "UnityEngine.UI", "UnityEngine.UI.csproj", "{A3F6ADC9-5297-92ED-2C66-8B2F1850D4C6}"
EndProject
Project("{FAE04EC0-301F-11D3-BF4B-00C04F79EFBC}") = "Unity.RenderPipelines.Universal.2D.Runtime", "Unity.RenderPipelines.Universal.2D.Runtime.csproj", "{03DE327D-CDEF-7693-7803-A54463324350}"
EndProject
Project("{FAE04EC0-301F-11D3-BF4B-00C04F79EFBC}") = "Assembly-CSharp", "Assembly-CSharp.csproj", "{710794BB-6B0E-5AD4-9D22-0541793F96C2}"
EndProject
Project("{FAE04EC0-301F-11D3-BF4B-00C04F79EFBC}") = "Unity.VisualScripting.Core.Editor", "Unity.VisualScripting.Core.Editor.csproj", "{61F23CFF-8753-71D1-E305-A4EE2F34E144}"
EndProject
Project("{FAE04EC0-301F-11D3-BF4B-00C04F79EFBC}") = "Unity.RenderPipelines.Universal.Editor", "Unity.RenderPipelines.Universal.Editor.csproj", "{9C6B3FCB-1253-7F28-9274-7A3960BFFDD3}"
EndProject
Project("{FAE04EC0-301F-11D3-BF4B-00C04F79EFBC}") = "Unity.PerformanceTesting.Editor", "Unity.PerformanceTesting.Editor.csproj", "{FADDC55D-7B40-62C1-6E24-A6896FF268A3}"
EndProject
Project("{FAE04EC0-301F-11D3-BF4B-00C04F79EFBC}") = "UnityEngine.TestRunner", "UnityEngine.TestRunner.csproj", "{56F3308C-CEF6-7CA0-F199-22FF22F04496}"
EndProject
Project("{FAE04EC0-301F-11D3-BF4B-00C04F79EFBC}") = "Unity.Burst", "Unity.Burst.csproj", "{572309AA-1C83-0FA3-CF4A-5E89329FE9C6}"
EndProject
Project("{FAE04EC0-301F-11D3-BF4B-00C04F79EFBC}") = "Unity.VisualScripting.Flow.Editor", "Unity.VisualScripting.Flow.Editor.csproj", "{E0309E48-62ED-65C4-3578-58FBB6416B07}"
EndProject
Project("{FAE04EC0-301F-11D3-BF4B-00C04F79EFBC}") = "Unity.VisualStudio.Editor", "Unity.VisualStudio.Editor.csproj", "{D6E2E1EF-7704-F239-11E0-6A9CBB770F8F}"
EndProject
Project("{FAE04EC0-301F-11D3-BF4B-00C04F79EFBC}") = "Unity.InputSystem", "Unity.InputSystem.csproj", "{02BE4231-6B3B-DA2D-367A-C026CBF249A1}"
EndProject
Project("{FAE04EC0-301F-11D3-BF4B-00C04F79EFBC}") = "PPv2URPConverters", "PPv2URPConverters.csproj", "{E515D777-9FC6-FCFB-88AF-02F05D5FC2BD}"
EndProject
Project("{FAE04EC0-301F-11D3-BF4B-00C04F79EFBC}") = "Unity.Searcher.Editor", "Unity.Searcher.Editor.csproj", "{B572A792-3161-CAE9-2DDE-4B6526E0CEB0}"
EndProject
Project("{FAE04EC0-301F-11D3-BF4B-00C04F79EFBC}") = "UnityEditor.TestRunner", "UnityEditor.TestRunner.csproj", "{1A94398E-D876-4AED-8556-D99A68B7BEE0}"
EndProject
Project("{FAE04EC0-301F-11D3-BF4B-00C04F79EFBC}") = "Unity.VisualScripting.Core", "Unity.VisualScripting.Core.csproj", "{FB064ADF-BE23-0E2D-D550-8415648BAA38}"
EndProject
Project("{FAE04EC0-301F-11D3-BF4B-00C04F79EFBC}") = "Unity.RenderPipelines.Universal.Runtime", "Unity.RenderPipelines.Universal.Runtime.csproj", "{C568A61F-4977-5BDC-799A-50D30C702997}"
EndProject
Project("{FAE04EC0-301F-11D3-BF4B-00C04F79EFBC}") = "Unity.VisualScripting.State.Editor", "Unity.VisualScripting.State.Editor.csproj", "{5C4EA26B-728B-60BE-C72B-859EA5B54C25}"
EndProject
Project("{FAE04EC0-301F-11D3-BF4B-00C04F79EFBC}") = "Unity.Burst.CodeGen", "Unity.Burst.CodeGen.csproj", "{976D475E-B210-C18C-E192-6FDD473766BD}"
EndProject
Project("{FAE04EC0-301F-11D3-BF4B-00C04F79EFBC}") = "Unity.VisualScripting.Flow", "Unity.VisualScripting.Flow.csproj", "{243FDC6B-267B-EB7E-9839-23534DD72064}"
EndProject
Project("{FAE04EC0-301F-11D3-BF4B-00C04F79EFBC}") = "Unity.PerformanceTesting", "Unity.PerformanceTesting.csproj", "{9FE93BA1-45D8-8147-2E2A-E2B96548146A}"
EndProject
Project("{FAE04EC0-301F-11D3-BF4B-00C04F79EFBC}") = "Unity.TextMeshPro", "Unity.TextMeshPro.csproj", "{D20C186F-098D-CCD0-ACEA-F163CCFB549D}"
EndProject
Project("{FAE04EC0-301F-11D3-BF4B-00C04F79EFBC}") = "Unity.TextMeshPro.Editor", "Unity.TextMeshPro.Editor.csproj", "{6307E35D-DCFB-7F8E-E1D1-32881AE96CB3}"
EndProject
Project("{FAE04EC0-301F-11D3-BF4B-00C04F79EFBC}") = "Unity.Rendering.LightTransport.Runtime", "Unity.Rendering.LightTransport.Runtime.csproj", "{CD075955-9FE7-3FFE-3F45-DB22FFC204C5}"
EndProject
Project("{FAE04EC0-301F-11D3-BF4B-00C04F79EFBC}") = "Unity.Burst.Editor", "Unity.Burst.Editor.csproj", "{9AC5CE84-1E68-4C81-A68A-98F2329F98E9}"
EndProject
Project("{FAE04EC0-301F-11D3-BF4B-00C04F79EFBC}") = "Unity.Rider.Editor", "Unity.Rider.Editor.csproj", "{091E4235-E49E-C974-D323-CF8FED3229B6}"
EndProject
Project("{FAE04EC0-301F-11D3-BF4B-00C04F79EFBC}") = "Unity.VisualScripting.State", "Unity.VisualScripting.State.csproj", "{32B7688C-513B-B051-2F87-1DF16520A20E}"
EndProject
Project("{FAE04EC0-301F-11D3-BF4B-00C04F79EFBC}") = "UnityEditor.UI", "UnityEditor.UI.csproj", "{784FF230-94F8-53FA-505A-E7BCD85FB1E0}"
EndProject
Project("{FAE04EC0-301F-11D3-BF4B-00C04F79EFBC}") = "Unity.Multiplayer.Center.Common", "Unity.Multiplayer.Center.Common.csproj", "{54B61CA4-9BDA-C955-923B-213FC40FFDD2}"
EndProject
Project("{FAE04EC0-301F-11D3-BF4B-00C04F79EFBC}") = "Unity.InputSystem.ForUI", "Unity.InputSystem.ForUI.csproj", "{60AE5AF6-50FC-9A23-B2E0-4E7C3C91544A}"
EndProject
Project("{FAE04EC0-301F-11D3-BF4B-00C04F79EFBC}") = "Unity.Collections.CodeGen", "Unity.Collections.CodeGen.csproj", "{C5E1DE23-ABE7-450A-A195-1844D417C04B}"
EndProject
Project("{FAE04EC0-301F-11D3-BF4B-00C04F79EFBC}") = "Unity.Mathematics.Editor", "Unity.Mathematics.Editor.csproj", "{608AC8F5-C74A-570E-05C1-460C38048868}"
EndProject
Project("{FAE04EC0-301F-11D3-BF4B-00C04F79EFBC}") = "Unity.VisualScripting.SettingsProvider.Editor", "Unity.VisualScripting.SettingsProvider.Editor.csproj", "{5AE1671C-985E-C120-6989-449917ACE9F6}"
EndProject
Project("{FAE04EC0-301F-11D3-BF4B-00C04F79EFBC}") = "Assembly-CSharp-Editor", "Assembly-CSharp-Editor.csproj", "{F24F2216-5EEF-EAB8-2E04-3390B0619F04}"
EndProject
Project("{FAE04EC0-301F-11D3-BF4B-00C04F79EFBC}") = "Unity.InputSystem.TestFramework", "Unity.InputSystem.TestFramework.csproj", "{16DC2A5A-4FCF-4703-BE47-4EABF4C703E8}"
EndProject
Project("{FAE04EC0-301F-11D3-BF4B-00C04F79EFBC}") = "Unity.ShaderGraph.Utilities", "Unity.ShaderGraph.Utilities.csproj", "{76306DEF-3CEF-58EF-FB75-2652292A6E29}"
EndProject
Project("{FAE04EC0-301F-11D3-BF4B-00C04F79EFBC}") = "Unity.VisualScripting.Shared.Editor", "Unity.VisualScripting.Shared.Editor.csproj", "{B5A91780-8FB2-2BC7-7214-5C7BB9B764CA}"
EndProject
Project("{FAE04EC0-301F-11D3-BF4B-00C04F79EFBC}") = "Unity.RenderPipeline.Universal.ShaderLibrary", "Unity.RenderPipeline.Universal.ShaderLibrary.csproj", "{830C875A-0E15-9A2E-1346-77138368EB24}"
EndProject
Project("{FAE04EC0-301F-11D3-BF4B-00C04F79EFBC}") = "Unity.CollabProxy.Editor", "Unity.CollabProxy.Editor.csproj", "{9DEF2E76-C699-8AFC-3B03-C671421E0723}"
EndProject
Project("{FAE04EC0-301F-11D3-BF4B-00C04F79EFBC}") = "Unity.Rendering.LightTransport.Editor", "Unity.Rendering.LightTransport.Editor.csproj", "{26CBEA70-18F2-2F53-7BFE-533CF32D5DAE}"
EndProject
Project("{FAE04EC0-301F-11D3-BF4B-00C04F79EFBC}") = "Unity.RenderPipelines.Universal.Shaders", "Unity.RenderPipelines.Universal.Shaders.csproj", "{1AF4B5E8-B016-A943-5612-C30D7528A3A5}"
EndProject
Project("{FAE04EC0-301F-11D3-BF4B-00C04F79EFBC}") = "Unity.RenderPipelines.Core.Runtime.Shared", "Unity.RenderPipelines.Core.Runtime.Shared.csproj", "{C5A8966C-81C2-78D1-931E-07D1CCC063D2}"
EndProject
Project("{FAE04EC0-301F-11D3-BF4B-00C04F79EFBC}") = "Unity.Collections.Editor", "Unity.Collections.Editor.csproj", "{8D930831-595D-AC59-062D-072149354D59}"
EndProject
Project("{FAE04EC0-301F-11D3-BF4B-00C04F79EFBC}") = "Unity.RenderPipelines.Universal.Config.Runtime", "Unity.RenderPipelines.Universal.Config.Runtime.csproj", "{BDC576E4-D938-53CF-BA99-313629EEA6B3}"
EndProject
Project("{FAE04EC0-301F-11D3-BF4B-00C04F79EFBC}") = "Unity.RenderPipelines.ShaderGraph.ShaderGraphLibrary", "Unity.RenderPipelines.ShaderGraph.ShaderGraphLibrary.csproj", "{3B43069F-7F05-54D5-9806-409C209E9459}"
EndProject
Project("{FAE04EC0-301F-11D3-BF4B-00C04F79EFBC}") = "Unity.RenderPipelines.Core.ShaderLibrary", "Unity.RenderPipelines.Core.ShaderLibrary.csproj", "{B11AF47E-BBCC-C18C-0562-06714D983399}"
EndProject
Project("{FAE04EC0-301F-11D3-BF4B-00C04F79EFBC}") = "Unity.RenderPipelines.Core.Editor.Shared", "Unity.RenderPipelines.Core.Editor.Shared.csproj", "{50B428B5-E65C-D1DE-C87D-F0226824D685}"
EndProject
Global
	GlobalSection(SolutionConfigurationPlatforms) = preSolution
		Debug|Any CPU = Debug|Any CPU
		Release|Any CPU = Release|Any CPU
	EndGlobalSection
	GlobalSection(ProjectConfigurationPlatforms) = postSolution
		{6AE9EA7F-DAA3-2010-31B4-DAB3592736F9}.Debug|Any CPU.ActiveCfg = Debug|Any CPU
		{6AE9EA7F-DAA3-2010-31B4-DAB3592736F9}.Debug|Any CPU.Build.0 = Debug|Any CPU
		{6AE9EA7F-DAA3-2010-31B4-DAB3592736F9}.Release|Any CPU.ActiveCfg = Release|Any CPU
		{6AE9EA7F-DAA3-2010-31B4-DAB3592736F9}.Release|Any CPU.Build.0 = Release|Any CPU
		{A94DD99D-E1D1-A30D-4A25-95B08B1E1ADA}.Debug|Any CPU.ActiveCfg = Debug|Any CPU
		{A94DD99D-E1D1-A30D-4A25-95B08B1E1ADA}.Debug|Any CPU.Build.0 = Debug|Any CPU
		{A94DD99D-E1D1-A30D-4A25-95B08B1E1ADA}.Release|Any CPU.ActiveCfg = Release|Any CPU
		{A94DD99D-E1D1-A30D-4A25-95B08B1E1ADA}.Release|Any CPU.Build.0 = Release|Any CPU
		{BBF990F3-1149-EE3F-E808-E6486299D6CE}.Debug|Any CPU.ActiveCfg = Debug|Any CPU
		{BBF990F3-1149-EE3F-E808-E6486299D6CE}.Debug|Any CPU.Build.0 = Debug|Any CPU
		{BBF990F3-1149-EE3F-E808-E6486299D6CE}.Release|Any CPU.ActiveCfg = Release|Any CPU
		{BBF990F3-1149-EE3F-E808-E6486299D6CE}.Release|Any CPU.Build.0 = Release|Any CPU
		{25A84BD3-15C3-B4A8-D1E4-CC8F2758599F}.Debug|Any CPU.ActiveCfg = Debug|Any CPU
		{25A84BD3-15C3-B4A8-D1E4-CC8F2758599F}.Debug|Any CPU.Build.0 = Debug|Any CPU
		{25A84BD3-15C3-B4A8-D1E4-CC8F2758599F}.Release|Any CPU.ActiveCfg = Release|Any CPU
		{25A84BD3-15C3-B4A8-D1E4-CC8F2758599F}.Release|Any CPU.Build.0 = Release|Any CPU
		{867D856A-0CDB-8B37-D74F-65FA4BFA0DB6}.Debug|Any CPU.ActiveCfg = Debug|Any CPU
		{867D856A-0CDB-8B37-D74F-65FA4BFA0DB6}.Debug|Any CPU.Build.0 = Debug|Any CPU
		{867D856A-0CDB-8B37-D74F-65FA4BFA0DB6}.Release|Any CPU.ActiveCfg = Release|Any CPU
		{867D856A-0CDB-8B37-D74F-65FA4BFA0DB6}.Release|Any CPU.Build.0 = Release|Any CPU
		{16643014-D966-D9B7-565F-5498D02EA68A}.Debug|Any CPU.ActiveCfg = Debug|Any CPU
		{16643014-D966-D9B7-565F-5498D02EA68A}.Debug|Any CPU.Build.0 = Debug|Any CPU
		{16643014-D966-D9B7-565F-5498D02EA68A}.Release|Any CPU.ActiveCfg = Release|Any CPU
		{16643014-D966-D9B7-565F-5498D02EA68A}.Release|Any CPU.Build.0 = Release|Any CPU
		{48E46E3F-8AC0-ECAC-D789-9C4D248B9C56}.Debug|Any CPU.ActiveCfg = Debug|Any CPU
		{48E46E3F-8AC0-ECAC-D789-9C4D248B9C56}.Debug|Any CPU.Build.0 = Debug|Any CPU
		{48E46E3F-8AC0-ECAC-D789-9C4D248B9C56}.Release|Any CPU.ActiveCfg = Release|Any CPU
		{48E46E3F-8AC0-ECAC-D789-9C4D248B9C56}.Release|Any CPU.Build.0 = Release|Any CPU
		{74299066-02CD-DD79-23AB-695EF9605541}.Debug|Any CPU.ActiveCfg = Debug|Any CPU
		{74299066-02CD-DD79-23AB-695EF9605541}.Debug|Any CPU.Build.0 = Debug|Any CPU
		{74299066-02CD-DD79-23AB-695EF9605541}.Release|Any CPU.ActiveCfg = Release|Any CPU
		{74299066-02CD-DD79-23AB-695EF9605541}.Release|Any CPU.Build.0 = Release|Any CPU
		{B405A534-0C0B-AE07-212A-E868D1240F8A}.Debug|Any CPU.ActiveCfg = Debug|Any CPU
		{B405A534-0C0B-AE07-212A-E868D1240F8A}.Debug|Any CPU.Build.0 = Debug|Any CPU
		{B405A534-0C0B-AE07-212A-E868D1240F8A}.Release|Any CPU.ActiveCfg = Release|Any CPU
		{B405A534-0C0B-AE07-212A-E868D1240F8A}.Release|Any CPU.Build.0 = Release|Any CPU
		{95CF35BD-BE10-E088-D711-45E1D4E5033F}.Debug|Any CPU.ActiveCfg = Debug|Any CPU
		{95CF35BD-BE10-E088-D711-45E1D4E5033F}.Debug|Any CPU.Build.0 = Debug|Any CPU
		{95CF35BD-BE10-E088-D711-45E1D4E5033F}.Release|Any CPU.ActiveCfg = Release|Any CPU
		{95CF35BD-BE10-E088-D711-45E1D4E5033F}.Release|Any CPU.Build.0 = Release|Any CPU
		{A3F6ADC9-5297-92ED-2C66-8B2F1850D4C6}.Debug|Any CPU.ActiveCfg = Debug|Any CPU
		{A3F6ADC9-5297-92ED-2C66-8B2F1850D4C6}.Debug|Any CPU.Build.0 = Debug|Any CPU
		{A3F6ADC9-5297-92ED-2C66-8B2F1850D4C6}.Release|Any CPU.ActiveCfg = Release|Any CPU
		{A3F6ADC9-5297-92ED-2C66-8B2F1850D4C6}.Release|Any CPU.Build.0 = Release|Any CPU
		{03DE327D-CDEF-7693-7803-A54463324350}.Debug|Any CPU.ActiveCfg = Debug|Any CPU
		{03DE327D-CDEF-7693-7803-A54463324350}.Debug|Any CPU.Build.0 = Debug|Any CPU
		{03DE327D-CDEF-7693-7803-A54463324350}.Release|Any CPU.ActiveCfg = Release|Any CPU
		{03DE327D-CDEF-7693-7803-A54463324350}.Release|Any CPU.Build.0 = Release|Any CPU
		{710794BB-6B0E-5AD4-9D22-0541793F96C2}.Debug|Any CPU.ActiveCfg = Debug|Any CPU
		{710794BB-6B0E-5AD4-9D22-0541793F96C2}.Debug|Any CPU.Build.0 = Debug|Any CPU
		{710794BB-6B0E-5AD4-9D22-0541793F96C2}.Release|Any CPU.ActiveCfg = Release|Any CPU
		{710794BB-6B0E-5AD4-9D22-0541793F96C2}.Release|Any CPU.Build.0 = Release|Any CPU
		{61F23CFF-8753-71D1-E305-A4EE2F34E144}.Debug|Any CPU.ActiveCfg = Debug|Any CPU
		{61F23CFF-8753-71D1-E305-A4EE2F34E144}.Debug|Any CPU.Build.0 = Debug|Any CPU
		{61F23CFF-8753-71D1-E305-A4EE2F34E144}.Release|Any CPU.ActiveCfg = Release|Any CPU
		{61F23CFF-8753-71D1-E305-A4EE2F34E144}.Release|Any CPU.Build.0 = Release|Any CPU
		{9C6B3FCB-1253-7F28-9274-7A3960BFFDD3}.Debug|Any CPU.ActiveCfg = Debug|Any CPU
		{9C6B3FCB-1253-7F28-9274-7A3960BFFDD3}.Debug|Any CPU.Build.0 = Debug|Any CPU
		{9C6B3FCB-1253-7F28-9274-7A3960BFFDD3}.Release|Any CPU.ActiveCfg = Release|Any CPU
		{9C6B3FCB-1253-7F28-9274-7A3960BFFDD3}.Release|Any CPU.Build.0 = Release|Any CPU
		{FADDC55D-7B40-62C1-6E24-A6896FF268A3}.Debug|Any CPU.ActiveCfg = Debug|Any CPU
		{FADDC55D-7B40-62C1-6E24-A6896FF268A3}.Debug|Any CPU.Build.0 = Debug|Any CPU
		{FADDC55D-7B40-62C1-6E24-A6896FF268A3}.Release|Any CPU.ActiveCfg = Release|Any CPU
		{FADDC55D-7B40-62C1-6E24-A6896FF268A3}.Release|Any CPU.Build.0 = Release|Any CPU
		{56F3308C-CEF6-7CA0-F199-22FF22F04496}.Debug|Any CPU.ActiveCfg = Debug|Any CPU
		{56F3308C-CEF6-7CA0-F199-22FF22F04496}.Debug|Any CPU.Build.0 = Debug|Any CPU
		{56F3308C-CEF6-7CA0-F199-22FF22F04496}.Release|Any CPU.ActiveCfg = Release|Any CPU
		{56F3308C-CEF6-7CA0-F199-22FF22F04496}.Release|Any CPU.Build.0 = Release|Any CPU
		{572309AA-1C83-0FA3-CF4A-5E89329FE9C6}.Debug|Any CPU.ActiveCfg = Debug|Any CPU
		{572309AA-1C83-0FA3-CF4A-5E89329FE9C6}.Debug|Any CPU.Build.0 = Debug|Any CPU
		{572309AA-1C83-0FA3-CF4A-5E89329FE9C6}.Release|Any CPU.ActiveCfg = Release|Any CPU
		{572309AA-1C83-0FA3-CF4A-5E89329FE9C6}.Release|Any CPU.Build.0 = Release|Any CPU
		{E0309E48-62ED-65C4-3578-58FBB6416B07}.Debug|Any CPU.ActiveCfg = Debug|Any CPU
		{E0309E48-62ED-65C4-3578-58FBB6416B07}.Debug|Any CPU.Build.0 = Debug|Any CPU
		{E0309E48-62ED-65C4-3578-58FBB6416B07}.Release|Any CPU.ActiveCfg = Release|Any CPU
		{E0309E48-62ED-65C4-3578-58FBB6416B07}.Release|Any CPU.Build.0 = Release|Any CPU
		{D6E2E1EF-7704-F239-11E0-6A9CBB770F8F}.Debug|Any CPU.ActiveCfg = Debug|Any CPU
		{D6E2E1EF-7704-F239-11E0-6A9CBB770F8F}.Debug|Any CPU.Build.0 = Debug|Any CPU
		{D6E2E1EF-7704-F239-11E0-6A9CBB770F8F}.Release|Any CPU.ActiveCfg = Release|Any CPU
		{D6E2E1EF-7704-F239-11E0-6A9CBB770F8F}.Release|Any CPU.Build.0 = Release|Any CPU
		{02BE4231-6B3B-DA2D-367A-C026CBF249A1}.Debug|Any CPU.ActiveCfg = Debug|Any CPU
		{02BE4231-6B3B-DA2D-367A-C026CBF249A1}.Debug|Any CPU.Build.0 = Debug|Any CPU
		{02BE4231-6B3B-DA2D-367A-C026CBF249A1}.Release|Any CPU.ActiveCfg = Release|Any CPU
		{02BE4231-6B3B-DA2D-367A-C026CBF249A1}.Release|Any CPU.Build.0 = Release|Any CPU
		{E515D777-9FC6-FCFB-88AF-02F05D5FC2BD}.Debug|Any CPU.ActiveCfg = Debug|Any CPU
		{E515D777-9FC6-FCFB-88AF-02F05D5FC2BD}.Debug|Any CPU.Build.0 = Debug|Any CPU
		{E515D777-9FC6-FCFB-88AF-02F05D5FC2BD}.Release|Any CPU.ActiveCfg = Release|Any CPU
		{E515D777-9FC6-FCFB-88AF-02F05D5FC2BD}.Release|Any CPU.Build.0 = Release|Any CPU
		{B572A792-3161-CAE9-2DDE-4B6526E0CEB0}.Debug|Any CPU.ActiveCfg = Debug|Any CPU
		{B572A792-3161-CAE9-2DDE-4B6526E0CEB0}.Debug|Any CPU.Build.0 = Debug|Any CPU
		{B572A792-3161-CAE9-2DDE-4B6526E0CEB0}.Release|Any CPU.ActiveCfg = Release|Any CPU
		{B572A792-3161-CAE9-2DDE-4B6526E0CEB0}.Release|Any CPU.Build.0 = Release|Any CPU
		{1A94398E-D876-4AED-8556-D99A68B7BEE0}.Debug|Any CPU.ActiveCfg = Debug|Any CPU
		{1A94398E-D876-4AED-8556-D99A68B7BEE0}.Debug|Any CPU.Build.0 = Debug|Any CPU
		{1A94398E-D876-4AED-8556-D99A68B7BEE0}.Release|Any CPU.ActiveCfg = Release|Any CPU
		{1A94398E-D876-4AED-8556-D99A68B7BEE0}.Release|Any CPU.Build.0 = Release|Any CPU
		{FB064ADF-BE23-0E2D-D550-8415648BAA38}.Debug|Any CPU.ActiveCfg = Debug|Any CPU
		{FB064ADF-BE23-0E2D-D550-8415648BAA38}.Debug|Any CPU.Build.0 = Debug|Any CPU
		{FB064ADF-BE23-0E2D-D550-8415648BAA38}.Release|Any CPU.ActiveCfg = Release|Any CPU
		{FB064ADF-BE23-0E2D-D550-8415648BAA38}.Release|Any CPU.Build.0 = Release|Any CPU
		{C568A61F-4977-5BDC-799A-50D30C702997}.Debug|Any CPU.ActiveCfg = Debug|Any CPU
		{C568A61F-4977-5BDC-799A-50D30C702997}.Debug|Any CPU.Build.0 = Debug|Any CPU
		{C568A61F-4977-5BDC-799A-50D30C702997}.Release|Any CPU.ActiveCfg = Release|Any CPU
		{C568A61F-4977-5BDC-799A-50D30C702997}.Release|Any CPU.Build.0 = Release|Any CPU
		{5C4EA26B-728B-60BE-C72B-859EA5B54C25}.Debug|Any CPU.ActiveCfg = Debug|Any CPU
		{5C4EA26B-728B-60BE-C72B-859EA5B54C25}.Debug|Any CPU.Build.0 = Debug|Any CPU
		{5C4EA26B-728B-60BE-C72B-859EA5B54C25}.Release|Any CPU.ActiveCfg = Release|Any CPU
		{5C4EA26B-728B-60BE-C72B-859EA5B54C25}.Release|Any CPU.Build.0 = Release|Any CPU
		{976D475E-B210-C18C-E192-6FDD473766BD}.Debug|Any CPU.ActiveCfg = Debug|Any CPU
		{976D475E-B210-C18C-E192-6FDD473766BD}.Debug|Any CPU.Build.0 = Debug|Any CPU
		{976D475E-B210-C18C-E192-6FDD473766BD}.Release|Any CPU.ActiveCfg = Release|Any CPU
		{976D475E-B210-C18C-E192-6FDD473766BD}.Release|Any CPU.Build.0 = Release|Any CPU
		{243FDC6B-267B-EB7E-9839-23534DD72064}.Debug|Any CPU.ActiveCfg = Debug|Any CPU
		{243FDC6B-267B-EB7E-9839-23534DD72064}.Debug|Any CPU.Build.0 = Debug|Any CPU
		{243FDC6B-267B-EB7E-9839-23534DD72064}.Release|Any CPU.ActiveCfg = Release|Any CPU
		{243FDC6B-267B-EB7E-9839-23534DD72064}.Release|Any CPU.Build.0 = Release|Any CPU
		{9FE93BA1-45D8-8147-2E2A-E2B96548146A}.Debug|Any CPU.ActiveCfg = Debug|Any CPU
		{9FE93BA1-45D8-8147-2E2A-E2B96548146A}.Debug|Any CPU.Build.0 = Debug|Any CPU
		{9FE93BA1-45D8-8147-2E2A-E2B96548146A}.Release|Any CPU.ActiveCfg = Release|Any CPU
		{9FE93BA1-45D8-8147-2E2A-E2B96548146A}.Release|Any CPU.Build.0 = Release|Any CPU
		{D20C186F-098D-CCD0-ACEA-F163CCFB549D}.Debug|Any CPU.ActiveCfg = Debug|Any CPU
		{D20C186F-098D-CCD0-ACEA-F163CCFB549D}.Debug|Any CPU.Build.0 = Debug|Any CPU
		{D20C186F-098D-CCD0-ACEA-F163CCFB549D}.Release|Any CPU.ActiveCfg = Release|Any CPU
		{D20C186F-098D-CCD0-ACEA-F163CCFB549D}.Release|Any CPU.Build.0 = Release|Any CPU
		{6307E35D-DCFB-7F8E-E1D1-32881AE96CB3}.Debug|Any CPU.ActiveCfg = Debug|Any CPU
		{6307E35D-DCFB-7F8E-E1D1-32881AE96CB3}.Debug|Any CPU.Build.0 = Debug|Any CPU
		{6307E35D-DCFB-7F8E-E1D1-32881AE96CB3}.Release|Any CPU.ActiveCfg = Release|Any CPU
		{6307E35D-DCFB-7F8E-E1D1-32881AE96CB3}.Release|Any CPU.Build.0 = Release|Any CPU
		{CD075955-9FE7-3FFE-3F45-DB22FFC204C5}.Debug|Any CPU.ActiveCfg = Debug|Any CPU
		{CD075955-9FE7-3FFE-3F45-DB22FFC204C5}.Debug|Any CPU.Build.0 = Debug|Any CPU
		{CD075955-9FE7-3FFE-3F45-DB22FFC204C5}.Release|Any CPU.ActiveCfg = Release|Any CPU
		{CD075955-9FE7-3FFE-3F45-DB22FFC204C5}.Release|Any CPU.Build.0 = Release|Any CPU
		{9AC5CE84-1E68-4C81-A68A-98F2329F98E9}.Debug|Any CPU.ActiveCfg = Debug|Any CPU
		{9AC5CE84-1E68-4C81-A68A-98F2329F98E9}.Debug|Any CPU.Build.0 = Debug|Any CPU
		{9AC5CE84-1E68-4C81-A68A-98F2329F98E9}.Release|Any CPU.ActiveCfg = Release|Any CPU
		{9AC5CE84-1E68-4C81-A68A-98F2329F98E9}.Release|Any CPU.Build.0 = Release|Any CPU
		{091E4235-E49E-C974-D323-CF8FED3229B6}.Debug|Any CPU.ActiveCfg = Debug|Any CPU
		{091E4235-E49E-C974-D323-CF8FED3229B6}.Debug|Any CPU.Build.0 = Debug|Any CPU
		{091E4235-E49E-C974-D323-CF8FED3229B6}.Release|Any CPU.ActiveCfg = Release|Any CPU
		{091E4235-E49E-C974-D323-CF8FED3229B6}.Release|Any CPU.Build.0 = Release|Any CPU
		{32B7688C-513B-B051-2F87-1DF16520A20E}.Debug|Any CPU.ActiveCfg = Debug|Any CPU
		{32B7688C-513B-B051-2F87-1DF16520A20E}.Debug|Any CPU.Build.0 = Debug|Any CPU
		{32B7688C-513B-B051-2F87-1DF16520A20E}.Release|Any CPU.ActiveCfg = Release|Any CPU
		{32B7688C-513B-B051-2F87-1DF16520A20E}.Release|Any CPU.Build.0 = Release|Any CPU
		{784FF230-94F8-53FA-505A-E7BCD85FB1E0}.Debug|Any CPU.ActiveCfg = Debug|Any CPU
		{784FF230-94F8-53FA-505A-E7BCD85FB1E0}.Debug|Any CPU.Build.0 = Debug|Any CPU
		{784FF230-94F8-53FA-505A-E7BCD85FB1E0}.Release|Any CPU.ActiveCfg = Release|Any CPU
		{784FF230-94F8-53FA-505A-E7BCD85FB1E0}.Release|Any CPU.Build.0 = Release|Any CPU
		{54B61CA4-9BDA-C955-923B-213FC40FFDD2}.Debug|Any CPU.ActiveCfg = Debug|Any CPU
		{54B61CA4-9BDA-C955-923B-213FC40FFDD2}.Debug|Any CPU.Build.0 = Debug|Any CPU
		{54B61CA4-9BDA-C955-923B-213FC40FFDD2}.Release|Any CPU.ActiveCfg = Release|Any CPU
		{54B61CA4-9BDA-C955-923B-213FC40FFDD2}.Release|Any CPU.Build.0 = Release|Any CPU
		{60AE5AF6-50FC-9A23-B2E0-4E7C3C91544A}.Debug|Any CPU.ActiveCfg = Debug|Any CPU
		{60AE5AF6-50FC-9A23-B2E0-4E7C3C91544A}.Debug|Any CPU.Build.0 = Debug|Any CPU
		{60AE5AF6-50FC-9A23-B2E0-4E7C3C91544A}.Release|Any CPU.ActiveCfg = Release|Any CPU
		{60AE5AF6-50FC-9A23-B2E0-4E7C3C91544A}.Release|Any CPU.Build.0 = Release|Any CPU
		{C5E1DE23-ABE7-450A-A195-1844D417C04B}.Debug|Any CPU.ActiveCfg = Debug|Any CPU
		{C5E1DE23-ABE7-450A-A195-1844D417C04B}.Debug|Any CPU.Build.0 = Debug|Any CPU
		{C5E1DE23-ABE7-450A-A195-1844D417C04B}.Release|Any CPU.ActiveCfg = Release|Any CPU
		{C5E1DE23-ABE7-450A-A195-1844D417C04B}.Release|Any CPU.Build.0 = Release|Any CPU
		{608AC8F5-C74A-570E-05C1-460C38048868}.Debug|Any CPU.ActiveCfg = Debug|Any CPU
		{608AC8F5-C74A-570E-05C1-460C38048868}.Debug|Any CPU.Build.0 = Debug|Any CPU
		{608AC8F5-C74A-570E-05C1-460C38048868}.Release|Any CPU.ActiveCfg = Release|Any CPU
		{608AC8F5-C74A-570E-05C1-460C38048868}.Release|Any CPU.Build.0 = Release|Any CPU
		{5AE1671C-985E-C120-6989-449917ACE9F6}.Debug|Any CPU.ActiveCfg = Debug|Any CPU
		{5AE1671C-985E-C120-6989-449917ACE9F6}.Debug|Any CPU.Build.0 = Debug|Any CPU
		{5AE1671C-985E-C120-6989-449917ACE9F6}.Release|Any CPU.ActiveCfg = Release|Any CPU
		{5AE1671C-985E-C120-6989-449917ACE9F6}.Release|Any CPU.Build.0 = Release|Any CPU
		{F24F2216-5EEF-EAB8-2E04-3390B0619F04}.Debug|Any CPU.ActiveCfg = Debug|Any CPU
		{F24F2216-5EEF-EAB8-2E04-3390B0619F04}.Debug|Any CPU.Build.0 = Debug|Any CPU
		{F24F2216-5EEF-EAB8-2E04-3390B0619F04}.Release|Any CPU.ActiveCfg = Release|Any CPU
		{F24F2216-5EEF-EAB8-2E04-3390B0619F04}.Release|Any CPU.Build.0 = Release|Any CPU
		{16DC2A5A-4FCF-4703-BE47-4EABF4C703E8}.Debug|Any CPU.ActiveCfg = Debug|Any CPU
		{16DC2A5A-4FCF-4703-BE47-4EABF4C703E8}.Debug|Any CPU.Build.0 = Debug|Any CPU
		{16DC2A5A-4FCF-4703-BE47-4EABF4C703E8}.Release|Any CPU.ActiveCfg = Release|Any CPU
		{16DC2A5A-4FCF-4703-BE47-4EABF4C703E8}.Release|Any CPU.Build.0 = Release|Any CPU
		{76306DEF-3CEF-58EF-FB75-2652292A6E29}.Debug|Any CPU.ActiveCfg = Debug|Any CPU
		{76306DEF-3CEF-58EF-FB75-2652292A6E29}.Debug|Any CPU.Build.0 = Debug|Any CPU
		{76306DEF-3CEF-58EF-FB75-2652292A6E29}.Release|Any CPU.ActiveCfg = Release|Any CPU
		{76306DEF-3CEF-58EF-FB75-2652292A6E29}.Release|Any CPU.Build.0 = Release|Any CPU
		{B5A91780-8FB2-2BC7-7214-5C7BB9B764CA}.Debug|Any CPU.ActiveCfg = Debug|Any CPU
		{B5A91780-8FB2-2BC7-7214-5C7BB9B764CA}.Debug|Any CPU.Build.0 = Debug|Any CPU
		{B5A91780-8FB2-2BC7-7214-5C7BB9B764CA}.Release|Any CPU.ActiveCfg = Release|Any CPU
		{B5A91780-8FB2-2BC7-7214-5C7BB9B764CA}.Release|Any CPU.Build.0 = Release|Any CPU
		{830C875A-0E15-9A2E-1346-77138368EB24}.Debug|Any CPU.ActiveCfg = Debug|Any CPU
		{830C875A-0E15-9A2E-1346-77138368EB24}.Debug|Any CPU.Build.0 = Debug|Any CPU
		{830C875A-0E15-9A2E-1346-77138368EB24}.Release|Any CPU.ActiveCfg = Release|Any CPU
		{830C875A-0E15-9A2E-1346-77138368EB24}.Release|Any CPU.Build.0 = Release|Any CPU
		{9DEF2E76-C699-8AFC-3B03-C671421E0723}.Debug|Any CPU.ActiveCfg = Debug|Any CPU
		{9DEF2E76-C699-8AFC-3B03-C671421E0723}.Debug|Any CPU.Build.0 = Debug|Any CPU
		{9DEF2E76-C699-8AFC-3B03-C671421E0723}.Release|Any CPU.ActiveCfg = Release|Any CPU
		{9DEF2E76-C699-8AFC-3B03-C671421E0723}.Release|Any CPU.Build.0 = Release|Any CPU
		{26CBEA70-18F2-2F53-7BFE-533CF32D5DAE}.Debug|Any CPU.ActiveCfg = Debug|Any CPU
		{26CBEA70-18F2-2F53-7BFE-533CF32D5DAE}.Debug|Any CPU.Build.0 = Debug|Any CPU
		{26CBEA70-18F2-2F53-7BFE-533CF32D5DAE}.Release|Any CPU.ActiveCfg = Release|Any CPU
		{26CBEA70-18F2-2F53-7BFE-533CF32D5DAE}.Release|Any CPU.Build.0 = Release|Any CPU
		{1AF4B5E8-B016-A943-5612-C30D7528A3A5}.Debug|Any CPU.ActiveCfg = Debug|Any CPU
		{1AF4B5E8-B016-A943-5612-C30D7528A3A5}.Debug|Any CPU.Build.0 = Debug|Any CPU
		{1AF4B5E8-B016-A943-5612-C30D7528A3A5}.Release|Any CPU.ActiveCfg = Release|Any CPU
		{1AF4B5E8-B016-A943-5612-C30D7528A3A5}.Release|Any CPU.Build.0 = Release|Any CPU
		{C5A8966C-81C2-78D1-931E-07D1CCC063D2}.Debug|Any CPU.ActiveCfg = Debug|Any CPU
		{C5A8966C-81C2-78D1-931E-07D1CCC063D2}.Debug|Any CPU.Build.0 = Debug|Any CPU
		{C5A8966C-81C2-78D1-931E-07D1CCC063D2}.Release|Any CPU.ActiveCfg = Release|Any CPU
		{C5A8966C-81C2-78D1-931E-07D1CCC063D2}.Release|Any CPU.Build.0 = Release|Any CPU
		{8D930831-595D-AC59-062D-072149354D59}.Debug|Any CPU.ActiveCfg = Debug|Any CPU
		{8D930831-595D-AC59-062D-072149354D59}.Debug|Any CPU.Build.0 = Debug|Any CPU
		{8D930831-595D-AC59-062D-072149354D59}.Release|Any CPU.ActiveCfg = Release|Any CPU
		{8D930831-595D-AC59-062D-072149354D59}.Release|Any CPU.Build.0 = Release|Any CPU
		{BDC576E4-D938-53CF-BA99-313629EEA6B3}.Debug|Any CPU.ActiveCfg = Debug|Any CPU
		{BDC576E4-D938-53CF-BA99-313629EEA6B3}.Debug|Any CPU.Build.0 = Debug|Any CPU
		{BDC576E4-D938-53CF-BA99-313629EEA6B3}.Release|Any CPU.ActiveCfg = Release|Any CPU
		{BDC576E4-D938-53CF-BA99-313629EEA6B3}.Release|Any CPU.Build.0 = Release|Any CPU
		{3B43069F-7F05-54D5-9806-409C209E9459}.Debug|Any CPU.ActiveCfg = Debug|Any CPU
		{3B43069F-7F05-54D5-9806-409C209E9459}.Debug|Any CPU.Build.0 = Debug|Any CPU
		{3B43069F-7F05-54D5-9806-409C209E9459}.Release|Any CPU.ActiveCfg = Release|Any CPU
		{3B43069F-7F05-54D5-9806-409C209E9459}.Release|Any CPU.Build.0 = Release|Any CPU
		{B11AF47E-BBCC-C18C-0562-06714D983399}.Debug|Any CPU.ActiveCfg = Debug|Any CPU
		{B11AF47E-BBCC-C18C-0562-06714D983399}.Debug|Any CPU.Build.0 = Debug|Any CPU
		{B11AF47E-BBCC-C18C-0562-06714D983399}.Release|Any CPU.ActiveCfg = Release|Any CPU
		{B11AF47E-BBCC-C18C-0562-06714D983399}.Release|Any CPU.Build.0 = Release|Any CPU
		{50B428B5-E65C-D1DE-C87D-F0226824D685}.Debug|Any CPU.ActiveCfg = Debug|Any CPU
		{50B428B5-E65C-D1DE-C87D-F0226824D685}.Debug|Any CPU.Build.0 = Debug|Any CPU
		{50B428B5-E65C-D1DE-C87D-F0226824D685}.Release|Any CPU.ActiveCfg = Release|Any CPU
		{50B428B5-E65C-D1DE-C87D-F0226824D685}.Release|Any CPU.Build.0 = Release|Any CPU
	EndGlobalSection
	GlobalSection(SolutionProperties) = preSolution
		HideSolutionNode = FALSE
	EndGlobalSection
EndGlobal
